
Microsoft Visual Studio Solution File, Format Version 12.00
# Visual Studio 15
VisualStudioVersion = 15.0.27130.2036
MinimumVisualStudioVersion = 10.0.40219.1
Project("{FAE04EC0-301F-11D3-BF4B-00C04F79EFBC}") = "WpfTodoList", "WpfTodoList\WpfTodoList.csproj", "{716F548F-BECE-4A55-A340-199126DF7B7F}"
EndProject
Project("{FAE04EC0-301F-11D3-BF4B-00C04F79EFBC}") = "UnitTest", "UnitTest\UnitTest.csproj", "{1553EE77-EB9E-444C-9B86-E4E1224385FE}"
EndProject
Global
	GlobalSection(SolutionConfigurationPlatforms) = preSolution
		Debug|Any CPU = Debug|Any CPU
		Release|Any CPU = Release|Any CPU
	EndGlobalSection
	GlobalSection(ProjectConfigurationPlatforms) = postSolution
		{716F548F-BECE-4A55-A340-199126DF7B7F}.Debug|Any CPU.ActiveCfg = Debug|Any CPU
		{716F548F-BECE-4A55-A340-199126DF7B7F}.Debug|Any CPU.Build.0 = Debug|Any CPU
		{716F548F-BECE-4A55-A340-199126DF7B7F}.Release|Any CPU.ActiveCfg = Release|Any CPU
		{716F548F-BECE-4A55-A340-199126DF7B7F}.Release|Any CPU.Build.0 = Release|Any CPU
		{1553EE77-EB9E-444C-9B86-E4E1224385FE}.Debug|Any CPU.ActiveCfg = Debug|Any CPU
		{1553EE77-EB9E-444C-9B86-E4E1224385FE}.Debug|Any CPU.Build.0 = Debug|Any CPU
		{1553EE77-EB9E-444C-9B86-E4E1224385FE}.Release|Any CPU.ActiveCfg = Release|Any CPU
		{1553EE77-EB9E-444C-9B86-E4E1224385FE}.Release|Any CPU.Build.0 = Release|Any CPU
	EndGlobalSection
	GlobalSection(SolutionProperties) = preSolution
		HideSolutionNode = FALSE
	EndGlobalSection
	GlobalSection(ExtensibilityGlobals) = postSolution
		SolutionGuid = {571BFFDD-ED49-4F61-A42F-A4087FDCF652}
	EndGlobalSection
EndGlobal
